
Microsoft Visual Studio Solution File, Format Version 12.00
# Visual Studio Version 17
VisualStudioVersion = 17.3.32929.385
MinimumVisualStudioVersion = 10.0.40219.1
Project("{FAE04EC0-301F-11D3-BF4B-00C04F79EFBC}") = "ProductSupplier.WebApi", "ProductSupplier.WebApi\ProductSupplier.WebApi.csproj", "{6916EF30-6E97-4D08-9A80-97AA0F6E4007}"
EndProject
Project("{FAE04EC0-301F-11D3-BF4B-00C04F79EFBC}") = "ProductSupplier.Db", "ProductSupplier.Db\ProductSupplier.Db.csproj", "{9EB77F74-9472-46D1-B693-FA4CD10DAB7B}"
EndProject
Global
	GlobalSection(SolutionConfigurationPlatforms) = preSolution
		Debug|Any CPU = Debug|Any CPU
		Release|Any CPU = Release|Any CPU
	EndGlobalSection
	GlobalSection(ProjectConfigurationPlatforms) = postSolution
		{6916EF30-6E97-4D08-9A80-97AA0F6E4007}.Debug|Any CPU.ActiveCfg = Debug|Any CPU
		{6916EF30-6E97-4D08-9A80-97AA0F6E4007}.Debug|Any CPU.Build.0 = Debug|Any CPU
		{6916EF30-6E97-4D08-9A80-97AA0F6E4007}.Release|Any CPU.ActiveCfg = Release|Any CPU
		{6916EF30-6E97-4D08-9A80-97AA0F6E4007}.Release|Any CPU.Build.0 = Release|Any CPU
		{9EB77F74-9472-46D1-B693-FA4CD10DAB7B}.Debug|Any CPU.ActiveCfg = Debug|Any CPU
		{9EB77F74-9472-46D1-B693-FA4CD10DAB7B}.Debug|Any CPU.Build.0 = Debug|Any CPU
		{9EB77F74-9472-46D1-B693-FA4CD10DAB7B}.Release|Any CPU.ActiveCfg = Release|Any CPU
		{9EB77F74-9472-46D1-B693-FA4CD10DAB7B}.Release|Any CPU.Build.0 = Release|Any CPU
	EndGlobalSection
	GlobalSection(SolutionProperties) = preSolution
		HideSolutionNode = FALSE
	EndGlobalSection
	GlobalSection(ExtensibilityGlobals) = postSolution
		SolutionGuid = {1D8CFBFE-0CF6-4F0C-88EC-F3D6A815AD6C}
	EndGlobalSection
EndGlobal
